
Microsoft Visual Studio Solution File, Format Version 12.00
# Visual Studio Version 17
VisualStudioVersion = 17.1.32407.343
MinimumVisualStudioVersion = 10.0.40219.1
Project("{FAE04EC0-301F-11D3-BF4B-00C04F79EFBC}") = "QuanLyThuoc", "QuanLyThuoc\QuanLyThuoc.csproj", "{673EA8AB-40B1-417E-8D89-411ACEF4658F}"
EndProject
Global
	GlobalSection(SolutionConfigurationPlatforms) = preSolution
		Debug|Any CPU = Debug|Any CPU
		Release|Any CPU = Release|Any CPU
	EndGlobalSection
	GlobalSection(ProjectConfigurationPlatforms) = postSolution
		{673EA8AB-40B1-417E-8D89-411ACEF4658F}.Debug|Any CPU.ActiveCfg = Debug|Any CPU
		{673EA8AB-40B1-417E-8D89-411ACEF4658F}.Debug|Any CPU.Build.0 = Debug|Any CPU
		{673EA8AB-40B1-417E-8D89-411ACEF4658F}.Release|Any CPU.ActiveCfg = Release|Any CPU
		{673EA8AB-40B1-417E-8D89-411ACEF4658F}.Release|Any CPU.Build.0 = Release|Any CPU
	EndGlobalSection
	GlobalSection(SolutionProperties) = preSolution
		HideSolutionNode = FALSE
	EndGlobalSection
	GlobalSection(ExtensibilityGlobals) = postSolution
		SolutionGuid = {335E90E0-9702-4745-989E-E61F2DAA1DAE}
	EndGlobalSection
EndGlobal
